
Microsoft Visual Studio Solution File, Format Version 12.00
# Visual Studio Version 17
VisualStudioVersion = 17.2.32630.192
MinimumVisualStudioVersion = 10.0.40219.1
Project("{FAE04EC0-301F-11D3-BF4B-00C04F79EFBC}") = "assignment3", "assignment3\assignment3.csproj", "{21B3891D-661D-4F99-A91C-B28C927B45F9}"
EndProject
Global
	GlobalSection(SolutionConfigurationPlatforms) = preSolution
		Debug|Any CPU = Debug|Any CPU
		Release|Any CPU = Release|Any CPU
	EndGlobalSection
	GlobalSection(ProjectConfigurationPlatforms) = postSolution
		{21B3891D-661D-4F99-A91C-B28C927B45F9}.Debug|Any CPU.ActiveCfg = Debug|Any CPU
		{21B3891D-661D-4F99-A91C-B28C927B45F9}.Debug|Any CPU.Build.0 = Debug|Any CPU
		{21B3891D-661D-4F99-A91C-B28C927B45F9}.Release|Any CPU.ActiveCfg = Release|Any CPU
		{21B3891D-661D-4F99-A91C-B28C927B45F9}.Release|Any CPU.Build.0 = Release|Any CPU
	EndGlobalSection
	GlobalSection(SolutionProperties) = preSolution
		HideSolutionNode = FALSE
	EndGlobalSection
	GlobalSection(ExtensibilityGlobals) = postSolution
		SolutionGuid = {52163169-A025-46E8-A256-E8A9D834FB74}
	EndGlobalSection
EndGlobal
